<?xml version="1.0" encoding="utf-8"?>
<Project ToolsVersion="4.0" xmlns="http://schemas.microsoft.com/developer/msbuild/2003">
  <ItemGroup>
    <ClCompile Include="ERClient.cpp" />
    <ClCompile Include="..\RandNum.cpp">
      <Filter>GA</Filter>
    </ClCompile>
    <ClCompile Include="..\ERFiles\SettingsERClient.cpp">
      <Filter>GA</Filter>
    </ClCompile>
    <ClCompile Include="..\ERFiles\Settings.cpp">
      <Filter>GA</Filter>
    </ClCompile>
    <ClCompile Include="..\ERFiles\DefaultGenome.cpp">
      <Filter>GA</Filter>
    </ClCompile>
    <ClCompile Include="..\ERfiles\neuron\CPGNeuron.cpp">
      <Filter>GA\Neurons</Filter>
    </ClCompile>
    <ClCompile Include="..\ERFiles\neuron\FunctionNeuron.cpp">
      <Filter>GA\Neurons</Filter>
    </ClCompile>
    <ClCompile Include="..\ERfiles\neuron\InputNeuron.cpp">
      <Filter>GA\Neurons</Filter>
    </ClCompile>
    <ClCompile Include="..\ERfiles\neuron\Neuron.cpp">
      <Filter>GA\Neurons</Filter>
    </ClCompile>
    <ClCompile Include="..\ERfiles\neuron\NeuronFactory.cpp">
      <Filter>GA\Neurons</Filter>
    </ClCompile>
    <ClCompile Include="..\ERfiles\neuron\OutputNeuron.cpp">
      <Filter>GA\Neurons</Filter>
    </ClCompile>
    <ClCompile Include="..\ERFiles\neuron\PatternNeuron.cpp">
      <Filter>GA\Neurons</Filter>
    </ClCompile>
    <ClCompile Include="..\ERfiles\neuron\SimpleNeuron.cpp">
      <Filter>GA\Neurons</Filter>
    </ClCompile>
    <ClCompile Include="..\ERfiles\control\Control.cpp">
      <Filter>GA\Control</Filter>
    </ClCompile>
    <ClCompile Include="..\ERfiles\control\ControlFactory.cpp">
      <Filter>GA\Control</Filter>
    </ClCompile>
    <ClCompile Include="..\ERfiles\control\Hormones.cpp">
      <Filter>GA\Control</Filter>
    </ClCompile>
    <ClCompile Include="..\ERfiles\control\SimpleControl.cpp">
      <Filter>GA\Control</Filter>
    </ClCompile>
    <ClCompile Include="..\ERfiles\control\ANN.cpp">
      <Filter>GA\Control\Neural Network</Filter>
    </ClCompile>
    <ClCompile Include="..\ERFiles\control\CPPN.cpp">
      <Filter>GA\Control\Neural Network</Filter>
    </ClCompile>
    <ClCompile Include="..\ERFiles\control\CustomANN.cpp">
      <Filter>GA\Control\Neural Network</Filter>
    </ClCompile>
    <ClCompile Include="..\ERfiles\morphology\BaseMorphology.cpp">
      <Filter>GA\Morphology</Filter>
    </ClCompile>
    <ClCompile Include="..\ERfiles\morphology\FixedBaseMorphology.cpp">
      <Filter>GA\Morphology</Filter>
    </ClCompile>
    <ClCompile Include="..\ERfiles\morphology\Morphology.cpp">
      <Filter>GA\Morphology</Filter>
    </ClCompile>
    <ClCompile Include="..\ERfiles\morphology\MorphologyFactory.cpp">
      <Filter>GA\Morphology\Factory</Filter>
    </ClCompile>
    <ClCompile Include="..\ERFiles\morphology\Development.cpp">
      <Filter>GA\Morphology\Development</Filter>
    </ClCompile>
    <ClCompile Include="..\ERFiles\morphology\ER_CPPN.cpp">
      <Filter>GA\Morphology\Development</Filter>
    </ClCompile>
    <ClCompile Include="..\ERfiles\morphology\ER_LSystem.cpp">
      <Filter>GA\Morphology\Development\L_System</Filter>
    </ClCompile>
    <ClCompile Include="ClientEA.cpp" />
    <ClCompile Include="..\ERFiles\morphology\CAT.cpp">
      <Filter>GA\Morphology</Filter>
    </ClCompile>
    <ClCompile Include="..\ERFiles\morphology\ER_DirectEncoding.cpp">
      <Filter>GA\Morphology</Filter>
    </ClCompile>
    <ClCompile Include="..\ERFiles\EA.cpp">
      <Filter>GA</Filter>
    </ClCompile>
    <ClCompile Include="..\ERFiles\Genome.cpp">
      <Filter>GA</Filter>
    </ClCompile>
    <ClCompile Include="..\ERFiles\GenomeFactory.cpp">
      <Filter>GA</Filter>
    </ClCompile>
    <ClCompile Include="..\ERFiles\morphology\CustomMorphology.cpp">
      <Filter>GA\Morphology</Filter>
    </ClCompile>
    <ClCompile Include="..\ERFiles\morphology\EdgarsAmazingMorphologyClass.cpp">
      <Filter>GA\Morphology</Filter>
    </ClCompile>
    <ClCompile Include="..\ERFiles\EA_Generational.cpp">
      <Filter>GA</Filter>
    </ClCompile>
    <ClCompile Include="..\ERFiles\EA_SteadyState.cpp">
      <Filter>GA</Filter>
    </ClCompile>
    <ClCompile Include="..\ERFiles\morphology\ER_CPPN_Encoding.cpp">
      <Filter>GA\Morphology</Filter>
    </ClCompile>
    <ClCompile Include="..\ERFiles\morphology\Tissue_DirectBars.cpp">
      <Filter>GA\Morphology</Filter>
    </ClCompile>
    <ClCompile Include="..\ERFiles\morphology\Tissue_GMX.cpp">
      <Filter>GA\Morphology</Filter>
    </ClCompile>
    <ClCompile Include="..\ERFiles\morphology\Tissue_DirectBarsVREP.cpp">
      <Filter>GA\Morphology</Filter>
    </ClCompile>
    <ClCompile Include="..\ERFiles\morphology\Tissue_GMX_VREP.cpp">
      <Filter>GA\Morphology</Filter>
    </ClCompile>
    <ClCompile Include="SlaveConnection.cpp" />
  </ItemGroup>
  <ItemGroup>
    <ClInclude Include="..\RandNum.h">
      <Filter>GA</Filter>
    </ClInclude>
    <ClInclude Include="..\ERFiles\SettingsERClient.h">
      <Filter>GA</Filter>
    </ClInclude>
    <ClInclude Include="..\ERFiles\Settings.h">
      <Filter>GA</Filter>
    </ClInclude>
    <ClInclude Include="..\ERFiles\DefaultGenome.h">
      <Filter>GA</Filter>
    </ClInclude>
    <ClInclude Include="..\ERfiles\neuron\CPGNeuron.h">
      <Filter>GA\Neurons</Filter>
    </ClInclude>
    <ClInclude Include="..\ERFiles\neuron\FunctionNeuron.h">
      <Filter>GA\Neurons</Filter>
    </ClInclude>
    <ClInclude Include="..\ERfiles\neuron\InputNeuron.h">
      <Filter>GA\Neurons</Filter>
    </ClInclude>
    <ClInclude Include="..\ERfiles\neuron\Neuron.h">
      <Filter>GA\Neurons</Filter>
    </ClInclude>
    <ClInclude Include="..\ERfiles\neuron\NeuronFactory.h">
      <Filter>GA\Neurons</Filter>
    </ClInclude>
    <ClInclude Include="..\ERfiles\neuron\OutputNeuron.h">
      <Filter>GA\Neurons</Filter>
    </ClInclude>
    <ClInclude Include="..\ERFiles\neuron\PatternNeuron.h">
      <Filter>GA\Neurons</Filter>
    </ClInclude>
    <ClInclude Include="..\ERfiles\neuron\SimpleNeuron.h">
      <Filter>GA\Neurons</Filter>
    </ClInclude>
    <ClInclude Include="..\ERfiles\control\Control.h">
      <Filter>GA\Control</Filter>
    </ClInclude>
    <ClInclude Include="..\ERfiles\control\ControlFactory.h">
      <Filter>GA\Control</Filter>
    </ClInclude>
    <ClInclude Include="..\ERfiles\control\Hormones.h">
      <Filter>GA\Control</Filter>
    </ClInclude>
    <ClInclude Include="..\ERfiles\control\SimpleControl.h">
      <Filter>GA\Control</Filter>
    </ClInclude>
    <ClInclude Include="..\ERfiles\control\ANN.h">
      <Filter>GA\Control\Neural Network</Filter>
    </ClInclude>
    <ClInclude Include="..\ERFiles\control\CPPN.h">
      <Filter>GA\Control\Neural Network</Filter>
    </ClInclude>
    <ClInclude Include="..\ERFiles\control\CustomANN.h">
      <Filter>GA\Control\Neural Network</Filter>
    </ClInclude>
    <ClInclude Include="..\ERfiles\morphology\BaseMorphology.h">
      <Filter>GA\Morphology</Filter>
    </ClInclude>
    <ClInclude Include="..\ERfiles\morphology\FixedBaseMorphology.h">
      <Filter>GA\Morphology</Filter>
    </ClInclude>
    <ClInclude Include="..\ERfiles\morphology\Morphology.h">
      <Filter>GA\Morphology</Filter>
    </ClInclude>
    <ClInclude Include="..\ERfiles\morphology\MorphologyFactory.h">
      <Filter>GA\Morphology\Factory</Filter>
    </ClInclude>
    <ClInclude Include="..\ERFiles\morphology\Development.h">
      <Filter>GA\Morphology\Development</Filter>
    </ClInclude>
    <ClInclude Include="..\ERFiles\morphology\ER_CPPN.h">
      <Filter>GA\Morphology\Development</Filter>
    </ClInclude>
    <ClInclude Include="..\ERfiles\morphology\ER_LSystem.h">
      <Filter>GA\Morphology\Development\L_System</Filter>
    </ClInclude>
    <ClInclude Include="ClientEA.h" />
    <ClInclude Include="..\ERFiles\morphology\CAT.h">
      <Filter>GA\Morphology</Filter>
    </ClInclude>
    <ClInclude Include="..\ERFiles\morphology\ER_DirectEncoding.h">
      <Filter>GA\Morphology</Filter>
    </ClInclude>
    <ClInclude Include="..\ERFiles\EA.h">
      <Filter>GA</Filter>
    </ClInclude>
    <ClInclude Include="..\ERFiles\Genome.h">
      <Filter>GA</Filter>
    </ClInclude>
    <ClInclude Include="..\ERFiles\GenomeFactory.h">
      <Filter>GA</Filter>
    </ClInclude>
    <ClInclude Include="..\ERFiles\morphology\CustomMorphology.h">
      <Filter>GA\Morphology</Filter>
    </ClInclude>
    <ClInclude Include="..\ERFiles\morphology\EdgarsAmazingMorphologyClass.h">
      <Filter>GA\Morphology</Filter>
    </ClInclude>
    <ClInclude Include="..\ERFiles\EA_Generational.h">
      <Filter>GA</Filter>
    </ClInclude>
    <ClInclude Include="..\ERFiles\EA_SteadyState.h">
      <Filter>GA</Filter>
    </ClInclude>
    <ClInclude Include="..\ERFiles\morphology\ER_CPPN_Encoding.h">
      <Filter>GA\Morphology</Filter>
    </ClInclude>
    <ClInclude Include="..\ERFiles\morphology\Tissue_DirectBars.h">
      <Filter>GA\Morphology</Filter>
    </ClInclude>
    <ClInclude Include="..\ERFiles\morphology\Tissue_GMX.h">
      <Filter>GA\Morphology</Filter>
    </ClInclude>
    <ClInclude Include="..\ERFiles\morphology\Tissue_DirectBarsVREP.h">
      <Filter>GA\Morphology</Filter>
    </ClInclude>
    <ClInclude Include="..\ERFiles\morphology\Tissue_GMX_VREP.h">
      <Filter>GA\Morphology</Filter>
    </ClInclude>
    <ClInclude Include="SlaveConnection.h" />
  </ItemGroup>
  <ItemGroup>
    <Filter Include="GA">
      <UniqueIdentifier>{7b777f95-e1cd-4270-b991-08f90407ee2c}</UniqueIdentifier>
    </Filter>
    <Filter Include="GA\Neurons">
      <UniqueIdentifier>{6bef2c1c-20ec-448f-bcb6-8a974ecf200c}</UniqueIdentifier>
    </Filter>
    <Filter Include="GA\Control">
      <UniqueIdentifier>{0353617a-b407-485d-aa6d-5887e27c1b30}</UniqueIdentifier>
    </Filter>
    <Filter Include="GA\Control\Neural Network">
      <UniqueIdentifier>{409cde72-cdcc-4664-854f-21bfc4bfcad9}</UniqueIdentifier>
    </Filter>
    <Filter Include="GA\Morphology">
      <UniqueIdentifier>{a113192a-4a1f-44ae-ae4c-b59587a2f3a4}</UniqueIdentifier>
    </Filter>
    <Filter Include="GA\Morphology\Factory">
      <UniqueIdentifier>{1f3b3f24-7b7b-482a-939f-c121c6e42b9c}</UniqueIdentifier>
    </Filter>
    <Filter Include="GA\Morphology\Old">
      <UniqueIdentifier>{eecf4712-28af-4070-9e7d-a50c8e3c5b08}</UniqueIdentifier>
    </Filter>
    <Filter Include="GA\Morphology\Development">
      <UniqueIdentifier>{19f6fe00-d269-4c47-bd6e-8e838ff7a93f}</UniqueIdentifier>
    </Filter>
    <Filter Include="GA\Morphology\Development\L_System">
      <UniqueIdentifier>{a011c2df-68a2-48cf-ac83-d7fd0de43772}</UniqueIdentifier>
    </Filter>
    <Filter Include="dynamixel">
      <UniqueIdentifier>{e517874f-25a4-4217-bf82-f9398f365f0a}</UniqueIdentifier>
    </Filter>
  </ItemGroup>
</Project>