
Microsoft Visual Studio Solution File, Format Version 12.00
# Visual Studio 15
VisualStudioVersion = 15.0.28010.2041
MinimumVisualStudioVersion = 10.0.40219.1
Project("{888888A0-9F3D-457C-B088-3A5042F75D52}") = "EcosystemManager", "EcosystemManager\EcosystemManager.pyproj", "{403508C3-01B7-4188-B275-2573E04F0FC7}"
EndProject
Global
	GlobalSection(SolutionConfigurationPlatforms) = preSolution
		Debug|Any CPU = Debug|Any CPU
		Release|Any CPU = Release|Any CPU
	EndGlobalSection
	GlobalSection(ProjectConfigurationPlatforms) = postSolution
		{403508C3-01B7-4188-B275-2573E04F0FC7}.Debug|Any CPU.ActiveCfg = Debug|Any CPU
		{403508C3-01B7-4188-B275-2573E04F0FC7}.Release|Any CPU.ActiveCfg = Release|Any CPU
	EndGlobalSection
	GlobalSection(SolutionProperties) = preSolution
		HideSolutionNode = FALSE
	EndGlobalSection
	GlobalSection(ExtensibilityGlobals) = postSolution
		SolutionGuid = {F5C6719E-B006-4DAB-ACEC-3ADC44A9911E}
	EndGlobalSection
EndGlobal
